
Microsoft Visual Studio Solution File, Format Version 12.00
# Visual Studio Version 17
VisualStudioVersion = 17.10.34928.147
MinimumVisualStudioVersion = 10.0.40219.1
Project("{9A19103F-16F7-4668-BE54-9A1E7A4F7556}") = "S_Network_Module", "S_Network_Module\S_Network_Module.csproj", "{31B17E96-3501-4983-92F7-42B1097345D8}"
EndProject
Project("{FAE04EC0-301F-11D3-BF4B-00C04F79EFBC}") = "CSampleServer", "CSampleServer\CSampleServer.csproj", "{2A932CF5-A882-41B5-AD8F-459BA2E15A51}"
EndProject
Global
	GlobalSection(SolutionConfigurationPlatforms) = preSolution
		Debug|Any CPU = Debug|Any CPU
		Release|Any CPU = Release|Any CPU
	EndGlobalSection
	GlobalSection(ProjectConfigurationPlatforms) = postSolution
		{31B17E96-3501-4983-92F7-42B1097345D8}.Debug|Any CPU.ActiveCfg = Debug|Any CPU
		{31B17E96-3501-4983-92F7-42B1097345D8}.Debug|Any CPU.Build.0 = Debug|Any CPU
		{31B17E96-3501-4983-92F7-42B1097345D8}.Release|Any CPU.ActiveCfg = Release|Any CPU
		{31B17E96-3501-4983-92F7-42B1097345D8}.Release|Any CPU.Build.0 = Release|Any CPU
		{2A932CF5-A882-41B5-AD8F-459BA2E15A51}.Debug|Any CPU.ActiveCfg = Debug|Any CPU
		{2A932CF5-A882-41B5-AD8F-459BA2E15A51}.Debug|Any CPU.Build.0 = Debug|Any CPU
		{2A932CF5-A882-41B5-AD8F-459BA2E15A51}.Release|Any CPU.ActiveCfg = Release|Any CPU
		{2A932CF5-A882-41B5-AD8F-459BA2E15A51}.Release|Any CPU.Build.0 = Release|Any CPU
	EndGlobalSection
	GlobalSection(SolutionProperties) = preSolution
		HideSolutionNode = FALSE
	EndGlobalSection
	GlobalSection(ExtensibilityGlobals) = postSolution
		SolutionGuid = {E66F77E9-6A09-45D7-961C-B65F469ECEA7}
	EndGlobalSection
EndGlobal
